
Microsoft Visual Studio Solution File, Format Version 12.00
# Visual Studio 2017
Project("{FAE04EC0-301F-11D3-BF4B-00C04F79EFBC}") = "ZıpZıpGame.Plugins", "ZıpZıpGame.Plugins.csproj", "{3FC00EF6-C16A-F277-6E69-1DCFB4B3A3FD}"
EndProject
Project("{FAE04EC0-301F-11D3-BF4B-00C04F79EFBC}") = "ZıpZıpGame", "ZıpZıpGame.csproj", "{22524EF7-A5A7-A027-13CB-CA34FBAE66EC}"
EndProject
Project("{FAE04EC0-301F-11D3-BF4B-00C04F79EFBC}") = "ZıpZıpGame.Editor", "ZıpZıpGame.Editor.csproj", "{3F829261-55AC-9C55-B293-945BF931B853}"
EndProject
Global
	GlobalSection(SolutionConfigurationPlatforms) = preSolution
		Debug|Any CPU = Debug|Any CPU
		Release|Any CPU = Release|Any CPU
	EndGlobalSection
	GlobalSection(ProjectConfigurationPlatforms) = postSolution
		{3FC00EF6-C16A-F277-6E69-1DCFB4B3A3FD}.Debug|Any CPU.ActiveCfg = Debug|Any CPU
		{3FC00EF6-C16A-F277-6E69-1DCFB4B3A3FD}.Debug|Any CPU.Build.0 = Debug|Any CPU
		{3FC00EF6-C16A-F277-6E69-1DCFB4B3A3FD}.Release|Any CPU.ActiveCfg = Release|Any CPU
		{3FC00EF6-C16A-F277-6E69-1DCFB4B3A3FD}.Release|Any CPU.Build.0 = Release|Any CPU
		{22524EF7-A5A7-A027-13CB-CA34FBAE66EC}.Debug|Any CPU.ActiveCfg = Debug|Any CPU
		{22524EF7-A5A7-A027-13CB-CA34FBAE66EC}.Debug|Any CPU.Build.0 = Debug|Any CPU
		{22524EF7-A5A7-A027-13CB-CA34FBAE66EC}.Release|Any CPU.ActiveCfg = Release|Any CPU
		{22524EF7-A5A7-A027-13CB-CA34FBAE66EC}.Release|Any CPU.Build.0 = Release|Any CPU
		{3F829261-55AC-9C55-B293-945BF931B853}.Debug|Any CPU.ActiveCfg = Debug|Any CPU
		{3F829261-55AC-9C55-B293-945BF931B853}.Debug|Any CPU.Build.0 = Debug|Any CPU
		{3F829261-55AC-9C55-B293-945BF931B853}.Release|Any CPU.ActiveCfg = Release|Any CPU
		{3F829261-55AC-9C55-B293-945BF931B853}.Release|Any CPU.Build.0 = Release|Any CPU
	EndGlobalSection
	GlobalSection(SolutionProperties) = preSolution
		HideSolutionNode = FALSE
	EndGlobalSection
EndGlobal
